
Microsoft Visual Studio Solution File, Format Version 12.00
# Visual Studio 15
VisualStudioVersion = 15.0.26124.0
MinimumVisualStudioVersion = 15.0.26124.0
Project("{FAE04EC0-301F-11D3-BF4B-00C04F79EFBC}") = "Fritz.GitHubAction", "Fritz.GitHubAction\Fritz.GitHubAction.csproj", "{2365F35F-5343-485D-9DF2-270F19F130EE}"
EndProject
Global
	GlobalSection(SolutionConfigurationPlatforms) = preSolution
		Debug|Any CPU = Debug|Any CPU
		Debug|x64 = Debug|x64
		Debug|x86 = Debug|x86
		Release|Any CPU = Release|Any CPU
		Release|x64 = Release|x64
		Release|x86 = Release|x86
	EndGlobalSection
	GlobalSection(SolutionProperties) = preSolution
		HideSolutionNode = FALSE
	EndGlobalSection
	GlobalSection(ProjectConfigurationPlatforms) = postSolution
		{2365F35F-5343-485D-9DF2-270F19F130EE}.Debug|Any CPU.ActiveCfg = Debug|Any CPU
		{2365F35F-5343-485D-9DF2-270F19F130EE}.Debug|Any CPU.Build.0 = Debug|Any CPU
		{2365F35F-5343-485D-9DF2-270F19F130EE}.Debug|x64.ActiveCfg = Debug|Any CPU
		{2365F35F-5343-485D-9DF2-270F19F130EE}.Debug|x64.Build.0 = Debug|Any CPU
		{2365F35F-5343-485D-9DF2-270F19F130EE}.Debug|x86.ActiveCfg = Debug|Any CPU
		{2365F35F-5343-485D-9DF2-270F19F130EE}.Debug|x86.Build.0 = Debug|Any CPU
		{2365F35F-5343-485D-9DF2-270F19F130EE}.Release|Any CPU.ActiveCfg = Release|Any CPU
		{2365F35F-5343-485D-9DF2-270F19F130EE}.Release|Any CPU.Build.0 = Release|Any CPU
		{2365F35F-5343-485D-9DF2-270F19F130EE}.Release|x64.ActiveCfg = Release|Any CPU
		{2365F35F-5343-485D-9DF2-270F19F130EE}.Release|x64.Build.0 = Release|Any CPU
		{2365F35F-5343-485D-9DF2-270F19F130EE}.Release|x86.ActiveCfg = Release|Any CPU
		{2365F35F-5343-485D-9DF2-270F19F130EE}.Release|x86.Build.0 = Release|Any CPU
	EndGlobalSection
EndGlobal
